{
  "name": "api",
  "version": "1.0.0",
  "lockfileVersion": 3,
  "requires": true,
  "packages": {
    "": {
      "name": "api",
      "version": "1.0.0",
      "license": "ISC",
      "dependencies": {
        "bcryptjs": "file:...",
        "cookie-parser": "...",
        "dotenv": "file:...",
        "express": "file:...",
        "jsonwebtoken": "...",
        "mongoose": "..."
      }
    },
    "...": {},
    "node_modules/bcryptjs": {
      "resolved": "...",
      "link": true
    },
    "node_modules/cookie-parser": {
      "resolved": "...",
      "link": true
    },
    "node_modules/dotenv": {
      "resolved": "...",
      "link": true
    },
    "node_modules/express": {
      "resolved": "...",
      "link": true
    },
    "node_modules/jsonwebtoken": {
      "resolved": "...",
      "link": true
    },
    "node_modules/mongoose": {
      "resolved": "...",
      "link": true
    }
  }
}
